
Microsoft Visual Studio Solution File, Format Version 12.00
# Visual Studio Version 16
VisualStudioVersion = 16.0.29102.190
MinimumVisualStudioVersion = 10.0.40219.1
Project("{2150E333-8FDC-42A3-9474-1A3956D46DE8}") = "API", "API", "{A14EC82C-F1E9-45FA-883D-F45481B889F3}"
EndProject
Project("{2150E333-8FDC-42A3-9474-1A3956D46DE8}") = "Data", "Data", "{52B0F4F9-DBB8-4F1F-9A2B-F62ECB27220D}"
EndProject
Project("{2150E333-8FDC-42A3-9474-1A3956D46DE8}") = "Service", "Service", "{EF797D96-CD57-4DF5-B30E-660B47464327}"
EndProject
Project("{2150E333-8FDC-42A3-9474-1A3956D46DE8}") = "Util", "Util", "{BFBEDF99-6DD7-40DC-8FA4-840A0F1F1164}"
EndProject
Project("{9A19103F-16F7-4668-BE54-9A1E7A4F7556}") = "DemoAPI.API", "DemoAPI.API\DemoAPI.API.csproj", "{95D08035-EADD-4A81-A00C-A7DA1763807E}"
EndProject
Project("{9A19103F-16F7-4668-BE54-9A1E7A4F7556}") = "DemoAPI.Util", "DemoAPI.Util\DemoAPI.Util.csproj", "{75EBA419-DC5C-404F-B5D4-F1235395394C}"
EndProject
Project("{9A19103F-16F7-4668-BE54-9A1E7A4F7556}") = "DemoAPI.Service", "DemoAPI.Service\DemoAPI.Service.csproj", "{29B58546-F377-4534-90E5-5082C9A62D00}"
EndProject
Project("{9A19103F-16F7-4668-BE54-9A1E7A4F7556}") = "DemoAPI.Data", "DemoAPI.Data\DemoAPI.Data.csproj", "{A29899FD-1811-464F-8F4B-E88C1F9E3989}"
EndProject
Project("{9A19103F-16F7-4668-BE54-9A1E7A4F7556}") = "DemoAPI.Shared", "DemoAPI.Shared\DemoAPI.Shared.csproj", "{C46D2699-6201-4764-8BC6-817D583840B7}"
EndProject
Project("{9A19103F-16F7-4668-BE54-9A1E7A4F7556}") = "DemoAPI.Data.EF", "DemoAPI.Data.EF\DemoAPI.Data.EF.csproj", "{EC4961D0-07B6-4A52-8245-5979E8C008FA}"
EndProject
Global
	GlobalSection(SolutionConfigurationPlatforms) = preSolution
		Debug|Any CPU = Debug|Any CPU
		Release|Any CPU = Release|Any CPU
	EndGlobalSection
	GlobalSection(ProjectConfigurationPlatforms) = postSolution
		{95D08035-EADD-4A81-A00C-A7DA1763807E}.Debug|Any CPU.ActiveCfg = Debug|Any CPU
		{95D08035-EADD-4A81-A00C-A7DA1763807E}.Debug|Any CPU.Build.0 = Debug|Any CPU
		{95D08035-EADD-4A81-A00C-A7DA1763807E}.Release|Any CPU.ActiveCfg = Release|Any CPU
		{95D08035-EADD-4A81-A00C-A7DA1763807E}.Release|Any CPU.Build.0 = Release|Any CPU
		{75EBA419-DC5C-404F-B5D4-F1235395394C}.Debug|Any CPU.ActiveCfg = Debug|Any CPU
		{75EBA419-DC5C-404F-B5D4-F1235395394C}.Debug|Any CPU.Build.0 = Debug|Any CPU
		{75EBA419-DC5C-404F-B5D4-F1235395394C}.Release|Any CPU.ActiveCfg = Release|Any CPU
		{75EBA419-DC5C-404F-B5D4-F1235395394C}.Release|Any CPU.Build.0 = Release|Any CPU
		{29B58546-F377-4534-90E5-5082C9A62D00}.Debug|Any CPU.ActiveCfg = Debug|Any CPU
		{29B58546-F377-4534-90E5-5082C9A62D00}.Debug|Any CPU.Build.0 = Debug|Any CPU
		{29B58546-F377-4534-90E5-5082C9A62D00}.Release|Any CPU.ActiveCfg = Release|Any CPU
		{29B58546-F377-4534-90E5-5082C9A62D00}.Release|Any CPU.Build.0 = Release|Any CPU
		{A29899FD-1811-464F-8F4B-E88C1F9E3989}.Debug|Any CPU.ActiveCfg = Debug|Any CPU
		{A29899FD-1811-464F-8F4B-E88C1F9E3989}.Debug|Any CPU.Build.0 = Debug|Any CPU
		{A29899FD-1811-464F-8F4B-E88C1F9E3989}.Release|Any CPU.ActiveCfg = Release|Any CPU
		{A29899FD-1811-464F-8F4B-E88C1F9E3989}.Release|Any CPU.Build.0 = Release|Any CPU
		{C46D2699-6201-4764-8BC6-817D583840B7}.Debug|Any CPU.ActiveCfg = Debug|Any CPU
		{C46D2699-6201-4764-8BC6-817D583840B7}.Debug|Any CPU.Build.0 = Debug|Any CPU
		{C46D2699-6201-4764-8BC6-817D583840B7}.Release|Any CPU.ActiveCfg = Release|Any CPU
		{C46D2699-6201-4764-8BC6-817D583840B7}.Release|Any CPU.Build.0 = Release|Any CPU
		{EC4961D0-07B6-4A52-8245-5979E8C008FA}.Debug|Any CPU.ActiveCfg = Debug|Any CPU
		{EC4961D0-07B6-4A52-8245-5979E8C008FA}.Debug|Any CPU.Build.0 = Debug|Any CPU
		{EC4961D0-07B6-4A52-8245-5979E8C008FA}.Release|Any CPU.ActiveCfg = Release|Any CPU
		{EC4961D0-07B6-4A52-8245-5979E8C008FA}.Release|Any CPU.Build.0 = Release|Any CPU
	EndGlobalSection
	GlobalSection(SolutionProperties) = preSolution
		HideSolutionNode = FALSE
	EndGlobalSection
	GlobalSection(NestedProjects) = preSolution
		{95D08035-EADD-4A81-A00C-A7DA1763807E} = {A14EC82C-F1E9-45FA-883D-F45481B889F3}
		{75EBA419-DC5C-404F-B5D4-F1235395394C} = {BFBEDF99-6DD7-40DC-8FA4-840A0F1F1164}
		{29B58546-F377-4534-90E5-5082C9A62D00} = {EF797D96-CD57-4DF5-B30E-660B47464327}
		{A29899FD-1811-464F-8F4B-E88C1F9E3989} = {52B0F4F9-DBB8-4F1F-9A2B-F62ECB27220D}
		{C46D2699-6201-4764-8BC6-817D583840B7} = {EF797D96-CD57-4DF5-B30E-660B47464327}
		{EC4961D0-07B6-4A52-8245-5979E8C008FA} = {52B0F4F9-DBB8-4F1F-9A2B-F62ECB27220D}
	EndGlobalSection
	GlobalSection(ExtensibilityGlobals) = postSolution
		SolutionGuid = {3FEFBBA7-0F39-47F0-A4F2-3D19A9BD14C1}
	EndGlobalSection
EndGlobal
